{
  "object": {
    "pins": [
      {
        "package": "feather-objects",
        "repositoryURL": "https://github.com/xcode73/feather-objects",
        "state": {
          "branch": "test-dev",
          "revision": "169386ce3bf664fa768186467e4aec1caaee0fcf",
          "version": null
        }
      }
    ]
  },
  "version": 1
}
